
Microsoft Visual Studio Solution File, Format Version 12.00
# Visual Studio Version 16
VisualStudioVersion = 16.0.29806.167
MinimumVisualStudioVersion = 10.0.40219.1
Project("{9A19103F-16F7-4668-BE54-9A1E7A4F7556}") = "Bank.Transfer.Infrastructure", "src\Bank.Transfer.Infrastructure\Bank.Transfer.Infrastructure.csproj", "{F1D05FFE-B77A-40E2-BE92-AFF369DD133C}"
EndProject
Project("{9A19103F-16F7-4668-BE54-9A1E7A4F7556}") = "Bank.Transfer.Domain", "src\Bank.Transfer.Domain\Bank.Transfer.Domain.csproj", "{D570C71E-ABB7-4875-B43A-451C4183AA9F}"
EndProject
Project("{9A19103F-16F7-4668-BE54-9A1E7A4F7556}") = "Bank.Transfer.Domain.Core", "src\Bank.Transfer.Domain.Core\Bank.Transfer.Domain.Core.csproj", "{8DE32AAC-867E-4EF3-B7C4-CE32D9C31FAE}"
EndProject
Project("{9A19103F-16F7-4668-BE54-9A1E7A4F7556}") = "Bank.Transfer.Domain.Services", "src\Bank.Transfer.Domain.Services\Bank.Transfer.Domain.Services.csproj", "{64F1FBCD-2F7E-4E22-803A-A95DE53B02A1}"
EndProject
Project("{9A19103F-16F7-4668-BE54-9A1E7A4F7556}") = "Bank.TransferConsumer.Api", "src\Bank.Transaction.Api\Bank.TransferConsumer.Api.csproj", "{5CBDC348-928F-4235-BBEC-09348805D6B1}"
EndProject
Project("{9A19103F-16F7-4668-BE54-9A1E7A4F7556}") = "Bank.TransferProcess.Application", "src\Bank.Account.Service\Bank.TransferProcess.Application.csproj", "{85555B78-F9CD-4CEC-9C4C-263B9FBB4ACF}"
EndProject
Project("{9A19103F-16F7-4668-BE54-9A1E7A4F7556}") = "Bank.TransferConsumer.Application", "src\Bank.Transaction.Application\Bank.TransferConsumer.Application.csproj", "{625FCE8A-9888-41B7-BC19-C5142249F9EE}"
EndProject
Project("{9A19103F-16F7-4668-BE54-9A1E7A4F7556}") = "Bank.TransferConsumer.Receiver", "src\Brank.Messaging.Receive\Bank.TransferConsumer.Receiver.csproj", "{074DDD51-36FB-426C-A692-6FD9EBE6DC02}"
EndProject
Project("{9A19103F-16F7-4668-BE54-9A1E7A4F7556}") = "Bank.TransferProcess.Api", "src\Bank.Transaction.Manager\Bank.TransferProcess.Api.csproj", "{692B813C-7272-46E1-A232-71301B357488}"
EndProject
Project("{2150E333-8FDC-42A3-9474-1A3956D46DE8}") = "3 - TransferConsumer", "3 - TransferConsumer", "{AF293F59-4C2B-45B0-8E2E-57B3FE347000}"
EndProject
Project("{2150E333-8FDC-42A3-9474-1A3956D46DE8}") = "2 - TransferRequest", "2 - TransferRequest", "{5358AF62-B4A7-4120-AF48-92F3437C7D18}"
EndProject
Project("{2150E333-8FDC-42A3-9474-1A3956D46DE8}") = "4 - TransferProcess", "4 - TransferProcess", "{D84AB7D8-55D9-464F-B07C-461079892B1D}"
EndProject
Project("{2150E333-8FDC-42A3-9474-1A3956D46DE8}") = "1 - Core", "1 - Core", "{2AD1CEE3-CF51-4562-917A-64F29D2C27EA}"
EndProject
Project("{9A19103F-16F7-4668-BE54-9A1E7A4F7556}") = "Bank.TransferRequest.Api", "src\Bank.TransferRequest.Api\Bank.TransferRequest.Api.csproj", "{9BB3896E-8943-4AB7-A04D-4D144B113B01}"
EndProject
Project("{9A19103F-16F7-4668-BE54-9A1E7A4F7556}") = "Bank.TransferRequest.Application", "src\Bank.TransferRequest.Application\Bank.TransferRequest.Application.csproj", "{6AB57810-DF3A-469B-B32E-857B9C2E05CB}"
EndProject
Global
	GlobalSection(SolutionConfigurationPlatforms) = preSolution
		Debug|Any CPU = Debug|Any CPU
		Release|Any CPU = Release|Any CPU
	EndGlobalSection
	GlobalSection(ProjectConfigurationPlatforms) = postSolution
		{F1D05FFE-B77A-40E2-BE92-AFF369DD133C}.Debug|Any CPU.ActiveCfg = Debug|Any CPU
		{F1D05FFE-B77A-40E2-BE92-AFF369DD133C}.Debug|Any CPU.Build.0 = Debug|Any CPU
		{F1D05FFE-B77A-40E2-BE92-AFF369DD133C}.Release|Any CPU.ActiveCfg = Release|Any CPU
		{F1D05FFE-B77A-40E2-BE92-AFF369DD133C}.Release|Any CPU.Build.0 = Release|Any CPU
		{D570C71E-ABB7-4875-B43A-451C4183AA9F}.Debug|Any CPU.ActiveCfg = Debug|Any CPU
		{D570C71E-ABB7-4875-B43A-451C4183AA9F}.Debug|Any CPU.Build.0 = Debug|Any CPU
		{D570C71E-ABB7-4875-B43A-451C4183AA9F}.Release|Any CPU.ActiveCfg = Release|Any CPU
		{D570C71E-ABB7-4875-B43A-451C4183AA9F}.Release|Any CPU.Build.0 = Release|Any CPU
		{8DE32AAC-867E-4EF3-B7C4-CE32D9C31FAE}.Debug|Any CPU.ActiveCfg = Debug|Any CPU
		{8DE32AAC-867E-4EF3-B7C4-CE32D9C31FAE}.Debug|Any CPU.Build.0 = Debug|Any CPU
		{8DE32AAC-867E-4EF3-B7C4-CE32D9C31FAE}.Release|Any CPU.ActiveCfg = Release|Any CPU
		{8DE32AAC-867E-4EF3-B7C4-CE32D9C31FAE}.Release|Any CPU.Build.0 = Release|Any CPU
		{64F1FBCD-2F7E-4E22-803A-A95DE53B02A1}.Debug|Any CPU.ActiveCfg = Debug|Any CPU
		{64F1FBCD-2F7E-4E22-803A-A95DE53B02A1}.Debug|Any CPU.Build.0 = Debug|Any CPU
		{64F1FBCD-2F7E-4E22-803A-A95DE53B02A1}.Release|Any CPU.ActiveCfg = Release|Any CPU
		{64F1FBCD-2F7E-4E22-803A-A95DE53B02A1}.Release|Any CPU.Build.0 = Release|Any CPU
		{5CBDC348-928F-4235-BBEC-09348805D6B1}.Debug|Any CPU.ActiveCfg = Debug|Any CPU
		{5CBDC348-928F-4235-BBEC-09348805D6B1}.Debug|Any CPU.Build.0 = Debug|Any CPU
		{5CBDC348-928F-4235-BBEC-09348805D6B1}.Release|Any CPU.ActiveCfg = Release|Any CPU
		{5CBDC348-928F-4235-BBEC-09348805D6B1}.Release|Any CPU.Build.0 = Release|Any CPU
		{85555B78-F9CD-4CEC-9C4C-263B9FBB4ACF}.Debug|Any CPU.ActiveCfg = Debug|Any CPU
		{85555B78-F9CD-4CEC-9C4C-263B9FBB4ACF}.Debug|Any CPU.Build.0 = Debug|Any CPU
		{85555B78-F9CD-4CEC-9C4C-263B9FBB4ACF}.Release|Any CPU.ActiveCfg = Release|Any CPU
		{85555B78-F9CD-4CEC-9C4C-263B9FBB4ACF}.Release|Any CPU.Build.0 = Release|Any CPU
		{625FCE8A-9888-41B7-BC19-C5142249F9EE}.Debug|Any CPU.ActiveCfg = Debug|Any CPU
		{625FCE8A-9888-41B7-BC19-C5142249F9EE}.Debug|Any CPU.Build.0 = Debug|Any CPU
		{625FCE8A-9888-41B7-BC19-C5142249F9EE}.Release|Any CPU.ActiveCfg = Release|Any CPU
		{625FCE8A-9888-41B7-BC19-C5142249F9EE}.Release|Any CPU.Build.0 = Release|Any CPU
		{074DDD51-36FB-426C-A692-6FD9EBE6DC02}.Debug|Any CPU.ActiveCfg = Debug|Any CPU
		{074DDD51-36FB-426C-A692-6FD9EBE6DC02}.Debug|Any CPU.Build.0 = Debug|Any CPU
		{074DDD51-36FB-426C-A692-6FD9EBE6DC02}.Release|Any CPU.ActiveCfg = Release|Any CPU
		{074DDD51-36FB-426C-A692-6FD9EBE6DC02}.Release|Any CPU.Build.0 = Release|Any CPU
		{692B813C-7272-46E1-A232-71301B357488}.Debug|Any CPU.ActiveCfg = Debug|Any CPU
		{692B813C-7272-46E1-A232-71301B357488}.Debug|Any CPU.Build.0 = Debug|Any CPU
		{692B813C-7272-46E1-A232-71301B357488}.Release|Any CPU.ActiveCfg = Release|Any CPU
		{692B813C-7272-46E1-A232-71301B357488}.Release|Any CPU.Build.0 = Release|Any CPU
		{9BB3896E-8943-4AB7-A04D-4D144B113B01}.Debug|Any CPU.ActiveCfg = Debug|Any CPU
		{9BB3896E-8943-4AB7-A04D-4D144B113B01}.Debug|Any CPU.Build.0 = Debug|Any CPU
		{9BB3896E-8943-4AB7-A04D-4D144B113B01}.Release|Any CPU.ActiveCfg = Release|Any CPU
		{9BB3896E-8943-4AB7-A04D-4D144B113B01}.Release|Any CPU.Build.0 = Release|Any CPU
		{6AB57810-DF3A-469B-B32E-857B9C2E05CB}.Debug|Any CPU.ActiveCfg = Debug|Any CPU
		{6AB57810-DF3A-469B-B32E-857B9C2E05CB}.Debug|Any CPU.Build.0 = Debug|Any CPU
		{6AB57810-DF3A-469B-B32E-857B9C2E05CB}.Release|Any CPU.ActiveCfg = Release|Any CPU
		{6AB57810-DF3A-469B-B32E-857B9C2E05CB}.Release|Any CPU.Build.0 = Release|Any CPU
	EndGlobalSection
	GlobalSection(SolutionProperties) = preSolution
		HideSolutionNode = FALSE
	EndGlobalSection
	GlobalSection(NestedProjects) = preSolution
		{F1D05FFE-B77A-40E2-BE92-AFF369DD133C} = {2AD1CEE3-CF51-4562-917A-64F29D2C27EA}
		{D570C71E-ABB7-4875-B43A-451C4183AA9F} = {2AD1CEE3-CF51-4562-917A-64F29D2C27EA}
		{8DE32AAC-867E-4EF3-B7C4-CE32D9C31FAE} = {2AD1CEE3-CF51-4562-917A-64F29D2C27EA}
		{64F1FBCD-2F7E-4E22-803A-A95DE53B02A1} = {2AD1CEE3-CF51-4562-917A-64F29D2C27EA}
		{5CBDC348-928F-4235-BBEC-09348805D6B1} = {AF293F59-4C2B-45B0-8E2E-57B3FE347000}
		{85555B78-F9CD-4CEC-9C4C-263B9FBB4ACF} = {D84AB7D8-55D9-464F-B07C-461079892B1D}
		{625FCE8A-9888-41B7-BC19-C5142249F9EE} = {AF293F59-4C2B-45B0-8E2E-57B3FE347000}
		{074DDD51-36FB-426C-A692-6FD9EBE6DC02} = {AF293F59-4C2B-45B0-8E2E-57B3FE347000}
		{692B813C-7272-46E1-A232-71301B357488} = {D84AB7D8-55D9-464F-B07C-461079892B1D}
		{9BB3896E-8943-4AB7-A04D-4D144B113B01} = {5358AF62-B4A7-4120-AF48-92F3437C7D18}
		{6AB57810-DF3A-469B-B32E-857B9C2E05CB} = {5358AF62-B4A7-4120-AF48-92F3437C7D18}
	EndGlobalSection
	GlobalSection(ExtensibilityGlobals) = postSolution
		SolutionGuid = {5F870A11-3F8B-4EBD-BB81-9C94B4BD4DCB}
	EndGlobalSection
EndGlobal
