
Microsoft Visual Studio Solution File, Format Version 12.00
# Visual Studio Version 16
VisualStudioVersion = 16.0.29806.167
MinimumVisualStudioVersion = 10.0.40219.1
Project("{9A19103F-16F7-4668-BE54-9A1E7A4F7556}") = "Bank.Transfer.Infrastructure", "src\Bank.Transfer.Infrastructure\Bank.Transfer.Infrastructure.csproj", "{F1D05FFE-B77A-40E2-BE92-AFF369DD133C}"
EndProject
Project("{9A19103F-16F7-4668-BE54-9A1E7A4F7556}") = "Bank.Transfer.Domain", "src\Bank.Transfer.Domain\Bank.Transfer.Domain.csproj", "{D570C71E-ABB7-4875-B43A-451C4183AA9F}"
EndProject
Project("{9A19103F-16F7-4668-BE54-9A1E7A4F7556}") = "Bank.Transfer.Domain.Core", "src\Bank.Transfer.Domain.Core\Bank.Transfer.Domain.Core.csproj", "{8DE32AAC-867E-4EF3-B7C4-CE32D9C31FAE}"
EndProject
Project("{9A19103F-16F7-4668-BE54-9A1E7A4F7556}") = "Bank.Transfer.Domain.Services", "src\Bank.Transfer.Domain.Services\Bank.Transfer.Domain.Services.csproj", "{64F1FBCD-2F7E-4E22-803A-A95DE53B02A1}"
EndProject
Project("{2150E333-8FDC-42A3-9474-1A3956D46DE8}") = "3 - TransferConsumer", "3 - TransferConsumer", "{AF293F59-4C2B-45B0-8E2E-57B3FE347000}"
EndProject
Project("{2150E333-8FDC-42A3-9474-1A3956D46DE8}") = "2 - TransferRequest", "2 - TransferRequest", "{5358AF62-B4A7-4120-AF48-92F3437C7D18}"
EndProject
Project("{2150E333-8FDC-42A3-9474-1A3956D46DE8}") = "4 - TransferProcess", "4 - TransferProcess", "{D84AB7D8-55D9-464F-B07C-461079892B1D}"
EndProject
Project("{2150E333-8FDC-42A3-9474-1A3956D46DE8}") = "1 - Core", "1 - Core", "{2AD1CEE3-CF51-4562-917A-64F29D2C27EA}"
EndProject
Project("{9A19103F-16F7-4668-BE54-9A1E7A4F7556}") = "Bank.TransferRequest.Api", "src\Bank.TransferRequest.Api\Bank.TransferRequest.Api.csproj", "{9BB3896E-8943-4AB7-A04D-4D144B113B01}"
EndProject
Project("{9A19103F-16F7-4668-BE54-9A1E7A4F7556}") = "Bank.TransferRequest.Application", "src\Bank.TransferRequest.Application\Bank.TransferRequest.Application.csproj", "{6AB57810-DF3A-469B-B32E-857B9C2E05CB}"
EndProject
Project("{9A19103F-16F7-4668-BE54-9A1E7A4F7556}") = "Bank.TransferConsumer.Api", "src\Bank.TransferConsumer.Api\Bank.TransferConsumer.Api.csproj", "{DA084E20-C8DE-4A40-87D1-14467DA76596}"
EndProject
Project("{9A19103F-16F7-4668-BE54-9A1E7A4F7556}") = "Bank.TransferConsumer.Application", "src\Bank.TransferConsumer.Application\Bank.TransferConsumer.Application.csproj", "{458000AA-EBB4-459F-AAD7-18C3C0834622}"
EndProject
Project("{9A19103F-16F7-4668-BE54-9A1E7A4F7556}") = "Bank.TransferConsumer.Receiver", "src\Bank.TransferConsumer.Receiver\Bank.TransferConsumer.Receiver.csproj", "{D04F997D-962B-45A8-82FE-13F9E6AD7F71}"
EndProject
Project("{9A19103F-16F7-4668-BE54-9A1E7A4F7556}") = "Bank.TransferProcess.Application", "src\Bank.TransferProcess.Application\Bank.TransferProcess.Application.csproj", "{65E61401-5208-4B77-9895-84E5ADD8F8C5}"
EndProject
Project("{9A19103F-16F7-4668-BE54-9A1E7A4F7556}") = "Bank.TransferProcess.Api", "src\Bank.TransferProcess.Api\Bank.TransferProcess.Api.csproj", "{07799B56-1648-4167-A33E-6F61E0A79C60}"
EndProject
Project("{FAE04EC0-301F-11D3-BF4B-00C04F79EFBC}") = "Bank.TransferRequest.Application.Tests", "src\Tests\Bank.TransferRequest.Application.Tests\Bank.TransferRequest.Application.Tests.csproj", "{164C8B67-E7AD-4B31-B086-D292C7F841BE}"
EndProject
Project("{2150E333-8FDC-42A3-9474-1A3956D46DE8}") = "Tests", "Tests", "{4A98459C-A185-4377-9FCA-034326ECC4BC}"
EndProject
Global
	GlobalSection(SolutionConfigurationPlatforms) = preSolution
		Debug|Any CPU = Debug|Any CPU
		Release|Any CPU = Release|Any CPU
	EndGlobalSection
	GlobalSection(ProjectConfigurationPlatforms) = postSolution
		{F1D05FFE-B77A-40E2-BE92-AFF369DD133C}.Debug|Any CPU.ActiveCfg = Debug|Any CPU
		{F1D05FFE-B77A-40E2-BE92-AFF369DD133C}.Debug|Any CPU.Build.0 = Debug|Any CPU
		{F1D05FFE-B77A-40E2-BE92-AFF369DD133C}.Release|Any CPU.ActiveCfg = Release|Any CPU
		{F1D05FFE-B77A-40E2-BE92-AFF369DD133C}.Release|Any CPU.Build.0 = Release|Any CPU
		{D570C71E-ABB7-4875-B43A-451C4183AA9F}.Debug|Any CPU.ActiveCfg = Debug|Any CPU
		{D570C71E-ABB7-4875-B43A-451C4183AA9F}.Debug|Any CPU.Build.0 = Debug|Any CPU
		{D570C71E-ABB7-4875-B43A-451C4183AA9F}.Release|Any CPU.ActiveCfg = Release|Any CPU
		{D570C71E-ABB7-4875-B43A-451C4183AA9F}.Release|Any CPU.Build.0 = Release|Any CPU
		{8DE32AAC-867E-4EF3-B7C4-CE32D9C31FAE}.Debug|Any CPU.ActiveCfg = Debug|Any CPU
		{8DE32AAC-867E-4EF3-B7C4-CE32D9C31FAE}.Debug|Any CPU.Build.0 = Debug|Any CPU
		{8DE32AAC-867E-4EF3-B7C4-CE32D9C31FAE}.Release|Any CPU.ActiveCfg = Release|Any CPU
		{8DE32AAC-867E-4EF3-B7C4-CE32D9C31FAE}.Release|Any CPU.Build.0 = Release|Any CPU
		{64F1FBCD-2F7E-4E22-803A-A95DE53B02A1}.Debug|Any CPU.ActiveCfg = Debug|Any CPU
		{64F1FBCD-2F7E-4E22-803A-A95DE53B02A1}.Debug|Any CPU.Build.0 = Debug|Any CPU
		{64F1FBCD-2F7E-4E22-803A-A95DE53B02A1}.Release|Any CPU.ActiveCfg = Release|Any CPU
		{64F1FBCD-2F7E-4E22-803A-A95DE53B02A1}.Release|Any CPU.Build.0 = Release|Any CPU
		{9BB3896E-8943-4AB7-A04D-4D144B113B01}.Debug|Any CPU.ActiveCfg = Debug|Any CPU
		{9BB3896E-8943-4AB7-A04D-4D144B113B01}.Debug|Any CPU.Build.0 = Debug|Any CPU
		{9BB3896E-8943-4AB7-A04D-4D144B113B01}.Release|Any CPU.ActiveCfg = Release|Any CPU
		{9BB3896E-8943-4AB7-A04D-4D144B113B01}.Release|Any CPU.Build.0 = Release|Any CPU
		{6AB57810-DF3A-469B-B32E-857B9C2E05CB}.Debug|Any CPU.ActiveCfg = Debug|Any CPU
		{6AB57810-DF3A-469B-B32E-857B9C2E05CB}.Debug|Any CPU.Build.0 = Debug|Any CPU
		{6AB57810-DF3A-469B-B32E-857B9C2E05CB}.Release|Any CPU.ActiveCfg = Release|Any CPU
		{6AB57810-DF3A-469B-B32E-857B9C2E05CB}.Release|Any CPU.Build.0 = Release|Any CPU
		{DA084E20-C8DE-4A40-87D1-14467DA76596}.Debug|Any CPU.ActiveCfg = Debug|Any CPU
		{DA084E20-C8DE-4A40-87D1-14467DA76596}.Debug|Any CPU.Build.0 = Debug|Any CPU
		{DA084E20-C8DE-4A40-87D1-14467DA76596}.Release|Any CPU.ActiveCfg = Release|Any CPU
		{DA084E20-C8DE-4A40-87D1-14467DA76596}.Release|Any CPU.Build.0 = Release|Any CPU
		{458000AA-EBB4-459F-AAD7-18C3C0834622}.Debug|Any CPU.ActiveCfg = Debug|Any CPU
		{458000AA-EBB4-459F-AAD7-18C3C0834622}.Debug|Any CPU.Build.0 = Debug|Any CPU
		{458000AA-EBB4-459F-AAD7-18C3C0834622}.Release|Any CPU.ActiveCfg = Release|Any CPU
		{458000AA-EBB4-459F-AAD7-18C3C0834622}.Release|Any CPU.Build.0 = Release|Any CPU
		{D04F997D-962B-45A8-82FE-13F9E6AD7F71}.Debug|Any CPU.ActiveCfg = Debug|Any CPU
		{D04F997D-962B-45A8-82FE-13F9E6AD7F71}.Debug|Any CPU.Build.0 = Debug|Any CPU
		{D04F997D-962B-45A8-82FE-13F9E6AD7F71}.Release|Any CPU.ActiveCfg = Release|Any CPU
		{D04F997D-962B-45A8-82FE-13F9E6AD7F71}.Release|Any CPU.Build.0 = Release|Any CPU
		{65E61401-5208-4B77-9895-84E5ADD8F8C5}.Debug|Any CPU.ActiveCfg = Debug|Any CPU
		{65E61401-5208-4B77-9895-84E5ADD8F8C5}.Debug|Any CPU.Build.0 = Debug|Any CPU
		{65E61401-5208-4B77-9895-84E5ADD8F8C5}.Release|Any CPU.ActiveCfg = Release|Any CPU
		{65E61401-5208-4B77-9895-84E5ADD8F8C5}.Release|Any CPU.Build.0 = Release|Any CPU
		{07799B56-1648-4167-A33E-6F61E0A79C60}.Debug|Any CPU.ActiveCfg = Debug|Any CPU
		{07799B56-1648-4167-A33E-6F61E0A79C60}.Debug|Any CPU.Build.0 = Debug|Any CPU
		{07799B56-1648-4167-A33E-6F61E0A79C60}.Release|Any CPU.ActiveCfg = Release|Any CPU
		{07799B56-1648-4167-A33E-6F61E0A79C60}.Release|Any CPU.Build.0 = Release|Any CPU
		{164C8B67-E7AD-4B31-B086-D292C7F841BE}.Debug|Any CPU.ActiveCfg = Debug|Any CPU
		{164C8B67-E7AD-4B31-B086-D292C7F841BE}.Debug|Any CPU.Build.0 = Debug|Any CPU
		{164C8B67-E7AD-4B31-B086-D292C7F841BE}.Release|Any CPU.ActiveCfg = Release|Any CPU
		{164C8B67-E7AD-4B31-B086-D292C7F841BE}.Release|Any CPU.Build.0 = Release|Any CPU
	EndGlobalSection
	GlobalSection(SolutionProperties) = preSolution
		HideSolutionNode = FALSE
	EndGlobalSection
	GlobalSection(NestedProjects) = preSolution
		{F1D05FFE-B77A-40E2-BE92-AFF369DD133C} = {2AD1CEE3-CF51-4562-917A-64F29D2C27EA}
		{D570C71E-ABB7-4875-B43A-451C4183AA9F} = {2AD1CEE3-CF51-4562-917A-64F29D2C27EA}
		{8DE32AAC-867E-4EF3-B7C4-CE32D9C31FAE} = {2AD1CEE3-CF51-4562-917A-64F29D2C27EA}
		{64F1FBCD-2F7E-4E22-803A-A95DE53B02A1} = {2AD1CEE3-CF51-4562-917A-64F29D2C27EA}
		{9BB3896E-8943-4AB7-A04D-4D144B113B01} = {5358AF62-B4A7-4120-AF48-92F3437C7D18}
		{6AB57810-DF3A-469B-B32E-857B9C2E05CB} = {5358AF62-B4A7-4120-AF48-92F3437C7D18}
		{DA084E20-C8DE-4A40-87D1-14467DA76596} = {AF293F59-4C2B-45B0-8E2E-57B3FE347000}
		{458000AA-EBB4-459F-AAD7-18C3C0834622} = {AF293F59-4C2B-45B0-8E2E-57B3FE347000}
		{D04F997D-962B-45A8-82FE-13F9E6AD7F71} = {AF293F59-4C2B-45B0-8E2E-57B3FE347000}
		{65E61401-5208-4B77-9895-84E5ADD8F8C5} = {D84AB7D8-55D9-464F-B07C-461079892B1D}
		{07799B56-1648-4167-A33E-6F61E0A79C60} = {D84AB7D8-55D9-464F-B07C-461079892B1D}
		{164C8B67-E7AD-4B31-B086-D292C7F841BE} = {4A98459C-A185-4377-9FCA-034326ECC4BC}
		{4A98459C-A185-4377-9FCA-034326ECC4BC} = {5358AF62-B4A7-4120-AF48-92F3437C7D18}
	EndGlobalSection
	GlobalSection(ExtensibilityGlobals) = postSolution
		SolutionGuid = {5F870A11-3F8B-4EBD-BB81-9C94B4BD4DCB}
	EndGlobalSection
EndGlobal
